
Microsoft Visual Studio Solution File, Format Version 12.00
# Visual Studio 15
VisualStudioVersion = 15.0.27130.2024
MinimumVisualStudioVersion = 10.0.40219.1
Project("{FAE04EC0-301F-11D3-BF4B-00C04F79EFBC}") = "DotNetCoreConsoleApp", "DotNetCoreConsoleApp\DotNetCoreConsoleApp.csproj", "{DB1CCD18-1818-41FD-B69D-2D29B11665A0}"
EndProject
Global
	GlobalSection(SolutionConfigurationPlatforms) = preSolution
		Debug|Any CPU = Debug|Any CPU
		Release|Any CPU = Release|Any CPU
	EndGlobalSection
	GlobalSection(ProjectConfigurationPlatforms) = postSolution
		{DB1CCD18-1818-41FD-B69D-2D29B11665A0}.Debug|Any CPU.ActiveCfg = Debug|Any CPU
		{DB1CCD18-1818-41FD-B69D-2D29B11665A0}.Debug|Any CPU.Build.0 = Debug|Any CPU
		{DB1CCD18-1818-41FD-B69D-2D29B11665A0}.Release|Any CPU.ActiveCfg = Release|Any CPU
		{DB1CCD18-1818-41FD-B69D-2D29B11665A0}.Release|Any CPU.Build.0 = Release|Any CPU
	EndGlobalSection
	GlobalSection(SolutionProperties) = preSolution
		HideSolutionNode = FALSE
	EndGlobalSection
	GlobalSection(ExtensibilityGlobals) = postSolution
		SolutionGuid = {6C2DCB2E-B437-4ACB-A66F-065FF647A172}
	EndGlobalSection
EndGlobal
